
Microsoft Visual Studio Solution File, Format Version 12.00
# Visual Studio 14
VisualStudioVersion = 14.0.25420.1
MinimumVisualStudioVersion = 10.0.40219.1
Project("{F184B08F-C81C-45F6-A57F-5ABD9991F28F}") = "DatabaseHelper", "DatabaseHelper\DatabaseHelper.vbproj", "{D63A243C-835E-46E5-B696-17C1D12012A2}"
EndProject
Project("{F184B08F-C81C-45F6-A57F-5ABD9991F28F}") = "BusinessObjects", "BusinessObjects\BusinessObjects.vbproj", "{2486D912-4BA2-48EA-85E2-038AC777BEEC}"
EndProject
Project("{FAE04EC0-301F-11D3-BF4B-00C04F79EFBC}") = "StudentApplication", "StudentApplication\StudentApplication.csproj", "{0317DFE7-7752-4E11-A536-3DE6F8BDC5E4}"
EndProject
Project("{FAE04EC0-301F-11D3-BF4B-00C04F79EFBC}") = "StudentWindowsApp", "StudentWindowsApp\StudentWindowsApp.csproj", "{E4BA5C14-8942-4A92-B246-00BAFE19DBD3}"
EndProject
Global
	GlobalSection(SolutionConfigurationPlatforms) = preSolution
		Debug|Any CPU = Debug|Any CPU
		Release|Any CPU = Release|Any CPU
	EndGlobalSection
	GlobalSection(ProjectConfigurationPlatforms) = postSolution
		{D63A243C-835E-46E5-B696-17C1D12012A2}.Debug|Any CPU.ActiveCfg = Debug|Any CPU
		{D63A243C-835E-46E5-B696-17C1D12012A2}.Debug|Any CPU.Build.0 = Debug|Any CPU
		{D63A243C-835E-46E5-B696-17C1D12012A2}.Release|Any CPU.ActiveCfg = Release|Any CPU
		{D63A243C-835E-46E5-B696-17C1D12012A2}.Release|Any CPU.Build.0 = Release|Any CPU
		{2486D912-4BA2-48EA-85E2-038AC777BEEC}.Debug|Any CPU.ActiveCfg = Debug|Any CPU
		{2486D912-4BA2-48EA-85E2-038AC777BEEC}.Debug|Any CPU.Build.0 = Debug|Any CPU
		{2486D912-4BA2-48EA-85E2-038AC777BEEC}.Release|Any CPU.ActiveCfg = Release|Any CPU
		{2486D912-4BA2-48EA-85E2-038AC777BEEC}.Release|Any CPU.Build.0 = Release|Any CPU
		{0317DFE7-7752-4E11-A536-3DE6F8BDC5E4}.Debug|Any CPU.ActiveCfg = Debug|Any CPU
		{0317DFE7-7752-4E11-A536-3DE6F8BDC5E4}.Debug|Any CPU.Build.0 = Debug|Any CPU
		{0317DFE7-7752-4E11-A536-3DE6F8BDC5E4}.Release|Any CPU.ActiveCfg = Release|Any CPU
		{0317DFE7-7752-4E11-A536-3DE6F8BDC5E4}.Release|Any CPU.Build.0 = Release|Any CPU
		{E4BA5C14-8942-4A92-B246-00BAFE19DBD3}.Debug|Any CPU.ActiveCfg = Debug|Any CPU
		{E4BA5C14-8942-4A92-B246-00BAFE19DBD3}.Debug|Any CPU.Build.0 = Debug|Any CPU
		{E4BA5C14-8942-4A92-B246-00BAFE19DBD3}.Release|Any CPU.ActiveCfg = Release|Any CPU
		{E4BA5C14-8942-4A92-B246-00BAFE19DBD3}.Release|Any CPU.Build.0 = Release|Any CPU
	EndGlobalSection
	GlobalSection(SolutionProperties) = preSolution
		HideSolutionNode = FALSE
	EndGlobalSection
EndGlobal
